
Microsoft Visual Studio Solution File, Format Version 12.00
# Visual Studio Version 16
VisualStudioVersion = 16.0.30907.101
MinimumVisualStudioVersion = 10.0.40219.1
Project("{FAE04EC0-301F-11D3-BF4B-00C04F79EFBC}") = "labtask", "labtask.csproj", "{00C67E9D-9538-4137-9599-0944DBB51695}"
EndProject
Global
	GlobalSection(SolutionConfigurationPlatforms) = preSolution
		Debug|Any CPU = Debug|Any CPU
		Release|Any CPU = Release|Any CPU
	EndGlobalSection
	GlobalSection(ProjectConfigurationPlatforms) = postSolution
		{00C67E9D-9538-4137-9599-0944DBB51695}.Debug|Any CPU.ActiveCfg = Debug|Any CPU
		{00C67E9D-9538-4137-9599-0944DBB51695}.Debug|Any CPU.Build.0 = Debug|Any CPU
		{00C67E9D-9538-4137-9599-0944DBB51695}.Release|Any CPU.ActiveCfg = Release|Any CPU
		{00C67E9D-9538-4137-9599-0944DBB51695}.Release|Any CPU.Build.0 = Release|Any CPU
	EndGlobalSection
	GlobalSection(SolutionProperties) = preSolution
		HideSolutionNode = FALSE
	EndGlobalSection
	GlobalSection(ExtensibilityGlobals) = postSolution
		SolutionGuid = {AA5CE83D-3513-471B-A65F-80F9794E4C79}
	EndGlobalSection
EndGlobal
